
Microsoft Visual Studio Solution File, Format Version 12.00
# Visual Studio Version 16
VisualStudioVersion = 16.0.29709.97
MinimumVisualStudioVersion = 10.0.40219.1
Project("{FAE04EC0-301F-11D3-BF4B-00C04F79EFBC}") = "CreateStruct", "CreateStruct\CreateStruct.csproj", "{A7F879D9-B80C-49D2-8C79-D42339A292CB}"
EndProject
Global
	GlobalSection(SolutionConfigurationPlatforms) = preSolution
		Debug|Any CPU = Debug|Any CPU
		Release|Any CPU = Release|Any CPU
	EndGlobalSection
	GlobalSection(ProjectConfigurationPlatforms) = postSolution
		{A7F879D9-B80C-49D2-8C79-D42339A292CB}.Debug|Any CPU.ActiveCfg = Debug|Any CPU
		{A7F879D9-B80C-49D2-8C79-D42339A292CB}.Debug|Any CPU.Build.0 = Debug|Any CPU
		{A7F879D9-B80C-49D2-8C79-D42339A292CB}.Release|Any CPU.ActiveCfg = Release|Any CPU
		{A7F879D9-B80C-49D2-8C79-D42339A292CB}.Release|Any CPU.Build.0 = Release|Any CPU
	EndGlobalSection
	GlobalSection(SolutionProperties) = preSolution
		HideSolutionNode = FALSE
	EndGlobalSection
	GlobalSection(ExtensibilityGlobals) = postSolution
		SolutionGuid = {6A1979FD-B2A7-4E92-B1CE-D9AE40C7279A}
	EndGlobalSection
EndGlobal
